
Microsoft Visual Studio Solution File, Format Version 12.00
# Visual Studio 15
VisualStudioVersion = 15.0.27703.2035
MinimumVisualStudioVersion = 10.0.40219.1
Project("{FAE04EC0-301F-11D3-BF4B-00C04F79EFBC}") = "MVCPlay", "MVCPlay\MVCPlay.csproj", "{3B820F73-6CBE-4117-8D4A-8230BF10806D}"
EndProject
Global
	GlobalSection(SolutionConfigurationPlatforms) = preSolution
		Debug|Any CPU = Debug|Any CPU
		Release|Any CPU = Release|Any CPU
	EndGlobalSection
	GlobalSection(ProjectConfigurationPlatforms) = postSolution
		{3B820F73-6CBE-4117-8D4A-8230BF10806D}.Debug|Any CPU.ActiveCfg = Debug|Any CPU
		{3B820F73-6CBE-4117-8D4A-8230BF10806D}.Debug|Any CPU.Build.0 = Debug|Any CPU
		{3B820F73-6CBE-4117-8D4A-8230BF10806D}.Release|Any CPU.ActiveCfg = Release|Any CPU
		{3B820F73-6CBE-4117-8D4A-8230BF10806D}.Release|Any CPU.Build.0 = Release|Any CPU
	EndGlobalSection
	GlobalSection(SolutionProperties) = preSolution
		HideSolutionNode = FALSE
	EndGlobalSection
	GlobalSection(ExtensibilityGlobals) = postSolution
		SolutionGuid = {6924EDD4-B89C-431D-AD6C-E761BAF9FA33}
	EndGlobalSection
EndGlobal
